{
    "_readme": [
        "This file locks the dependencies of your project to a known state",
        "Read more about it at http://getcomposer.org/doc/01-basic-usage.md#composer-lock-the-lock-file",
        "This file is @generated automatically"
    ],
    "hash": "41aea92497297090f8e056556d8b2795",
    "packages": [
        {
            "name": "phalcon/pretty-exceptions",
            "version": "dev-master",
            "source": {
                "type": "git",
                "url": "https://github.com/phalcon/pretty-exceptions.git",
                "reference": "7d07dce67cfd18e87e65fd395272e4ef3dff87ba"
            },
            "dist": {
                "type": "zip",
                "url": "https://api.github.com/repos/phalcon/pretty-exceptions/zipball/7d07dce67cfd18e87e65fd395272e4ef3dff87ba",
                "reference": "7d07dce67cfd18e87e65fd395272e4ef3dff87ba",
                "shasum": ""
            },
            "require": {
                "php": "~5.3"
            },
            "type": "library",
            "autoload": {
                "psr-4": {
                    "Phalcon\\Utils\\": "Library/Phalcon/Utils"
                }
            },
            "notification-url": "https://packagist.org/downloads/",
            "license": [
                "MIT"
            ],
            "authors": [
                {
                    "name": "Contributors",
                    "homepage": "https://github.com/phalcon/pretty-exceptions/graphs/contributors"
                }
            ],
            "description": "Beauty-exceptions plugin for Phalcon",
            "time": "2014-12-13 15:49:21"
        }
    ],
    "packages-dev": [],
    "aliases": [],
    "minimum-stability": "stable",
    "stability-flags": {
        "phalcon/pretty-exceptions": 20
    },
    "prefer-stable": false,
    "prefer-lowest": false,
    "platform": {
        "php": ">=5.3.6"
    },
    "platform-dev": []
}
