{
    "_readme": [
        "This file locks the dependencies of your project to a known state",
        "Read more about it at http://getcomposer.org/doc/01-basic-usage.md#composer-lock-the-lock-file",
        "This file is @generated automatically"
    ],
    "hash": "fd3b882a6f43797ebae87d1b501b0de9",
    "packages": [
        {
            "name": "ckeditor/ckeditor",
            "version": "dev-master",
            "source": {
                "type": "git",
                "url": "https://github.com/ckeditor/ckeditor-releases.git",
                "reference": "cc324415302784eb1abe33a3762fbdd3b48c558b"
            },
            "dist": {
                "type": "zip",
                "url": "https://api.github.com/repos/ckeditor/ckeditor-releases/zipball/cc324415302784eb1abe33a3762fbdd3b48c558b",
                "reference": "cc324415302784eb1abe33a3762fbdd3b48c558b",
                "shasum": ""
            },
            "type": "library",
            "notification-url": "https://packagist.org/downloads/",
            "license": [
                "GPL-2.0+",
                "LGPL-2.1+",
                "MPL-1.1+"
            ],
            "authors": [
                {
                    "name": "CKSource",
                    "homepage": "http://cksource.com"
                }
            ],
            "description": "JavaScript WYSIWYG web text editor.",
            "homepage": "http://ckeditor.com",
            "keywords": [
                "CKEditor",
                "editor",
                "fckeditor",
                "html",
                "javascript",
                "richtext",
                "text",
                "wysiwyg"
            ],
            "time": "2015-01-27 15:13:53"
        },
        {
            "name": "components/bootstrap-switch",
            "version": "dev-master",
            "source": {
                "type": "git",
                "url": "https://github.com/tubssp/bootstrap-switch.git",
                "reference": "7c2d069a98cba7e7b24ec605a761f8c0685e0be9"
            },
            "dist": {
                "type": "zip",
                "url": "https://api.github.com/repos/tubssp/bootstrap-switch/zipball/7c2d069a98cba7e7b24ec605a761f8c0685e0be9",
                "reference": "7c2d069a98cba7e7b24ec605a761f8c0685e0be9",
                "shasum": ""
            },
            "type": "component",
            "extra": {
                "component": {
                    "name": "bootstrap-switch",
                    "files": [
                        "dist/**"
                    ],
                    "scripts": [
                        "dist/js/bootstrap-switch.js"
                    ],
                    "shim": {
                        "exports": "BootstrapSwitch"
                    }
                }
            },
            "notification-url": "https://packagist.org/downloads/",
            "license": [
                "Apache License Version 2.0"
            ],
            "authors": [
                {
                    "name": "Mattia Larentis",
                    "homepage": "http://www.larentis.eu"
                }
            ],
            "description": "Turn checkboxes and radio buttons in toggle switches.",
            "homepage": "http://www.bootstrap-switch.org",
            "keywords": [
                "JS",
                "bootstrap",
                "javascript",
                "switch"
            ],
            "time": "2014-06-25 18:28:03"
        },
        {
            "name": "twbs/bootstrap",
            "version": "dev-master",
            "source": {
                "type": "git",
                "url": "https://github.com/twbs/bootstrap.git",
                "reference": "9e1e73f9dcfdf20305dcb6a83e77e67efe1948c5"
            },
            "dist": {
                "type": "zip",
                "url": "https://api.github.com/repos/twbs/bootstrap/zipball/9e1e73f9dcfdf20305dcb6a83e77e67efe1948c5",
                "reference": "9e1e73f9dcfdf20305dcb6a83e77e67efe1948c5",
                "shasum": ""
            },
            "replace": {
                "twitter/bootstrap": "self.version"
            },
            "type": "library",
            "extra": {
                "branch-alias": {
                    "dev-master": "3.3.x-dev"
                }
            },
            "notification-url": "https://packagist.org/downloads/",
            "license": [
                "MIT"
            ],
            "authors": [
                {
                    "name": "Jacob Thornton",
                    "email": "jacobthornton@gmail.com"
                },
                {
                    "name": "Mark Otto",
                    "email": "markdotto@gmail.com"
                }
            ],
            "description": "The most popular front-end framework for developing responsive, mobile first projects on the web.",
            "homepage": "http://getbootstrap.com",
            "keywords": [
                "JS",
                "css",
                "framework",
                "front-end",
                "less",
                "mobile-first",
                "responsive",
                "web"
            ],
            "time": "2015-02-06 22:53:51"
        }
    ],
    "packages-dev": [],
    "aliases": [],
    "minimum-stability": "dev",
    "stability-flags": {
        "twbs/bootstrap": 20,
        "components/bootstrap-switch": 20,
        "ckeditor/ckeditor": 20
    },
    "prefer-stable": false,
    "prefer-lowest": false,
    "platform": {
        "php": ">=5.3.6"
    },
    "platform-dev": []
}
